// !$*UTF8*$!
{
	archiveVersion = 1;
	classes = {
	};
	objectVersion = 45;
	objects = {

/* Begin PBXBuildFile section */
		2E0156B85682056D6BB94058 /* main.cpp in Sources */ = {isa = PBXBuildFile; fileRef = 735762C66B472A7B121612EF /* main.cpp */; };
		60A31DEE08CA2DA32F911899 /* liblopack.a in Frameworks */ = {isa = PBXBuildFile; fileRef = 1B8A355B09BB6EB934FD5649 /* liblopack.a */; };
/* End PBXBuildFile section */

/* Begin PBXContainerItemProxy section */
		6A8C4A930E584A8C35A9113F /* PBXContainerItemProxy */ = {
			isa = PBXContainerItemProxy;
			containerPortal = 11ED6BA47F1034BD04D3464D /* lopack.xcodeproj */;
			proxyType = 2;
			remoteGlobalIDString = 35AA3825381A424B53A4757A;
			remoteInfo = "liblopack.a";
		};
		69B92E7F22694872403E5263 /* PBXContainerItemProxy */ = {
			isa = PBXContainerItemProxy;
			containerPortal = 11ED6BA47F1034BD04D3464D /* lopack.xcodeproj */;
			proxyType = 1;
			remoteGlobalIDString = 57F3316B1A6646DC3D046BBE;
			remoteInfo = "liblopack.a";
		};
/* End PBXContainerItemProxy section */

/* Begin PBXFileReference section */
		6B4917292402405277D77F96 /* TestReceiver.h */ = {isa = PBXFileReference; lastKnownFileType = sourcecode.c.h; name = "TestReceiver.h"; path = "TestReceiver.h"; sourceTree = "<group>"; };
		735762C66B472A7B121612EF /* main.cpp */ = {isa = PBXFileReference; lastKnownFileType = sourcecode.cpp.cpp; name = "main.cpp"; path = "main.cpp"; sourceTree = "<group>"; };
		390714DC2B382730570A62A9 /* lptest */ = {isa = PBXFileReference; explicitFileType = "compiled.mach-o.executable"; includeInIndex = 0; name = "lptest"; path = "lptest"; sourceTree = BUILT_PRODUCTS_DIR; };
		11ED6BA47F1034BD04D3464D /* lopack.xcodeproj */ = {isa = PBXFileReference; lastKnownFileType = "wrapper.pb-project"; name = "lopack.xcodeproj"; path = "lopack.xcodeproj"; sourceTree = SOURCE_ROOT; };
/* End PBXFileReference section */

/* Begin PBXFrameworksBuildPhase section */
		69017F925021435073C93EC6 /* Frameworks */ = {
			isa = PBXFrameworksBuildPhase;
			buildActionMask = 2147483647;
			files = (
				60A31DEE08CA2DA32F911899 /* liblopack.a in Frameworks */,
			);
			runOnlyForDeploymentPostprocessing = 0;
		};
/* End PBXFrameworksBuildPhase section */

/* Begin PBXGroup section */
		7389320835F3052554F66EAC /* lptest */ = {
			isa = PBXGroup;
			children = (
				7F404C0D27B164A658C909E3 /* src */,
				0E7A143B37BD5EB806901333 /* Products */,
				20DB427E7AE045AD75F87833 /* Projects */,
			);
			name = "lptest";
			sourceTree = "<group>";
		};
		7F404C0D27B164A658C909E3 /* src */ = {
			isa = PBXGroup;
			children = (
				4287579D26D034487C480986 /* lptest */,
			);
			name = "src";
			path = ../src;
			sourceTree = "<group>";
		};
		4287579D26D034487C480986 /* lptest */ = {
			isa = PBXGroup;
			children = (
				6B4917292402405277D77F96 /* TestReceiver.h */,
				735762C66B472A7B121612EF /* main.cpp */,
			);
			name = "lptest";
			path = lptest;
			sourceTree = "<group>";
		};
		0E7A143B37BD5EB806901333 /* Products */ = {
			isa = PBXGroup;
			children = (
				390714DC2B382730570A62A9 /* lptest */,
			);
			name = "Products";
			sourceTree = "<group>";
		};
		20DB427E7AE045AD75F87833 /* Projects */ = {
			isa = PBXGroup;
			children = (
				11ED6BA47F1034BD04D3464D /* lopack.xcodeproj */,
			);
			name = "Projects";
			sourceTree = "<group>";
		};
		2A54295A731B2B4E3BD41552 /* Products */ = {
			isa = PBXGroup;
			children = (
				1B8A355B09BB6EB934FD5649 /* liblopack.a */,
			);
			name = Products;
			sourceTree = "<group>";
		};
/* End PBXGroup section */

/* Begin PBXNativeTarget section */
		4ACB727A3D36498B58E55FEB /* lptest */ = {
			isa = PBXNativeTarget;
			buildConfigurationList = 75741550693A7CCA608A07CC /* Build configuration list for PBXNativeTarget "lptest" */;
			buildPhases = (
				72FA04AC590157166DD020C3 /* Resources */,
				08BB501E0A393A756A126F3C /* Sources */,
				69017F925021435073C93EC6 /* Frameworks */,
			);
			buildRules = (
			);
			dependencies = (
				71D43CB12CFF3A6140FF63A9 /* PBXTargetDependency */,
			);
			name = "lptest";
			productInstallPath = "$(HOME)/bin";
			productName = "lptest";
			productReference = 390714DC2B382730570A62A9 /* lptest */;
			productType = "com.apple.product-type.tool";
		};
/* End PBXNativeTarget section */

/* Begin PBXProject section */
		08FB7793FE84155DC02AAC07 /* Project object */ = {
			isa = PBXProject;
			buildConfigurationList = 1DEB928908733DD80010E9CD /* Build configuration list for PBXProject "lptest" */;
			compatibilityVersion = "Xcode 3.1";
			hasScannedForEncodings = 1;
			mainGroup = 7389320835F3052554F66EAC /* lptest */;
			projectDirPath = "";
			projectReferences = (
				{
					ProductGroup = 2A54295A731B2B4E3BD41552 /* Products */;
					ProjectRef = 11ED6BA47F1034BD04D3464D /* lopack.xcodeproj */;
				},
			);
			projectRoot = "";
			targets = (
				4ACB727A3D36498B58E55FEB /* lptest */,
			);
		};
/* End PBXProject section */

/* Begin PBXReferenceProxy section */
		1B8A355B09BB6EB934FD5649 /* liblopack.a */ = {
			isa = PBXReferenceProxy;
			fileType = archive.ar;
			path = "../src/lopack/liblopack.a";
			remoteRef = 6A8C4A930E584A8C35A9113F /* PBXContainerItemProxy */;
			sourceTree = BUILT_PRODUCTS_DIR;
		};
/* End PBXReferenceProxy section */

/* Begin PBXResourcesBuildPhase section */
		72FA04AC590157166DD020C3 /* Resources */ = {
			isa = PBXResourcesBuildPhase;
			buildActionMask = 2147483647;
			files = (
			);
			runOnlyForDeploymentPostprocessing = 0;
		};
/* End PBXResourcesBuildPhase section */

/* Begin PBXSourcesBuildPhase section */
		08BB501E0A393A756A126F3C /* Sources */ = {
			isa = PBXSourcesBuildPhase;
			buildActionMask = 2147483647;
			files = (
				2E0156B85682056D6BB94058 /* main.cpp in Sources */,
			);
			runOnlyForDeploymentPostprocessing = 0;
		};
/* End PBXSourcesBuildPhase section */

/* Begin PBXVariantGroup section */
/* End PBXVariantGroup section */

/* Begin PBXTargetDependency section */
		71D43CB12CFF3A6140FF63A9 /* PBXTargetDependency */ = {
			isa = PBXTargetDependency;
			name = "liblopack.a";
			targetProxy = 69B92E7F22694872403E5263 /* PBXContainerItemProxy */;
		};
/* End PBXTargetDependency section */

/* Begin XCBuildConfiguration section */
		57F278973B272A4D50B946FF /* Debug */ = {
			isa = XCBuildConfiguration;
			buildSettings = {
				ALWAYS_SEARCH_USER_PATHS = NO;
				CONFIGURATION_BUILD_DIR = ../src/lptest;
				GCC_DYNAMIC_NO_PIC = NO;
				GCC_MODEL_TUNING = G5;
				INSTALL_PATH = /usr/local/bin;
				PRODUCT_NAME = "lptest";
			};
			name = "Debug";
		};
		536E5C90272E6D9E32213AA8 /* Release */ = {
			isa = XCBuildConfiguration;
			buildSettings = {
				ALWAYS_SEARCH_USER_PATHS = NO;
				DEBUG_INFORMATION_FORMAT = "dwarf-with-dsym";
				CONFIGURATION_BUILD_DIR = ../src/lptest;
				GCC_DYNAMIC_NO_PIC = NO;
				GCC_MODEL_TUNING = G5;
				INSTALL_PATH = /usr/local/bin;
				PRODUCT_NAME = "lptest";
			};
			name = "Release";
		};
		461D3B45307F6DF22D946C99 /* Debug */ = {
			isa = XCBuildConfiguration;
			buildSettings = {
				ARCHS = "$(NATIVE_ARCH_ACTUAL)";
				CONFIGURATION_BUILD_DIR = "$(SYMROOT)";
				CONFIGURATION_TEMP_DIR = "$(OBJROOT)";
				COPY_PHASE_STRIP = NO;
				GCC_C_LANGUAGE_STANDARD = gnu99;
				GCC_ENABLE_FIX_AND_CONTINUE = YES;
				GCC_OPTIMIZATION_LEVEL = 0;
				GCC_PREPROCESSOR_DEFINITIONS = (
					"DEBUG",
				);
				GCC_WARN_ABOUT_RETURN_TYPE = YES;
				GCC_WARN_UNUSED_VARIABLE = YES;
				HEADER_SEARCH_PATHS = (
					"../src",
					"/usr/local/include",
					"/opt/local/include",
				);
				LIBRARY_SEARCH_PATHS = (
					"/usr/local/lib",
					"/opt/local/lib",
				);
				OBJROOT = "obj/Debug/lptest";
				ONLY_ACTIVE_ARCH = NO;
				OTHER_LDFLAGS = (
					"-llo",
					"-lpthread",
				);
				PREBINDING = NO;
				SYMROOT = "../src/lptest";
			};
			name = "Debug";
		};
		6C825BE733C97A2735DF648A /* Release */ = {
			isa = XCBuildConfiguration;
			buildSettings = {
				ARCHS = "$(NATIVE_ARCH_ACTUAL)";
				CONFIGURATION_BUILD_DIR = "$(SYMROOT)";
				CONFIGURATION_TEMP_DIR = "$(OBJROOT)";
				GCC_C_LANGUAGE_STANDARD = gnu99;
				GCC_OPTIMIZATION_LEVEL = s;
				GCC_PREPROCESSOR_DEFINITIONS = (
					"NDEBUG",
				);
				GCC_WARN_ABOUT_RETURN_TYPE = YES;
				GCC_WARN_UNUSED_VARIABLE = YES;
				HEADER_SEARCH_PATHS = (
					"../src",
					"/usr/local/include",
					"/opt/local/include",
				);
				LIBRARY_SEARCH_PATHS = (
					"/usr/local/lib",
					"/opt/local/lib",
				);
				OBJROOT = "obj/Release/lptest";
				ONLY_ACTIVE_ARCH = NO;
				OTHER_LDFLAGS = (
					"-llo",
					"-lpthread",
				);
				PREBINDING = NO;
				SYMROOT = "../src/lptest";
			};
			name = "Release";
		};
/* End XCBuildConfiguration section */

/* Begin XCConfigurationList section */
		75741550693A7CCA608A07CC /* Build configuration list for PBXNativeTarget "lptest" */ = {
			isa = XCConfigurationList;
			buildConfigurations = (
				57F278973B272A4D50B946FF /* Debug */,
				536E5C90272E6D9E32213AA8 /* Release */,
			);
			defaultConfigurationIsVisible = 0;
			defaultConfigurationName = "Debug";
		};
		1DEB928908733DD80010E9CD /* Build configuration list for PBXProject "lptest" */ = {
			isa = XCConfigurationList;
			buildConfigurations = (
				461D3B45307F6DF22D946C99 /* Debug */,
				6C825BE733C97A2735DF648A /* Release */,
			);
			defaultConfigurationIsVisible = 0;
			defaultConfigurationName = "Debug";
		};
/* End XCConfigurationList section */

	};
	rootObject = 08FB7793FE84155DC02AAC07 /* Project object */;
}
