// !$*UTF8*$!
{
	archiveVersion = 1;
	classes = {
	};
	objectVersion = 45;
	objects = {

/* Begin PBXBuildFile section */
		2A2038EE421E6C4327E76DA9 /* main.cpp in Sources */ = {isa = PBXBuildFile; fileRef = 0C3C5888060D4557648706DB /* main.cpp */; };
		274E758B251315ED16683291 /* liblopack.a in Frameworks */ = {isa = PBXBuildFile; fileRef = 425710BD231D678309EB250B /* liblopack.a */; };
/* End PBXBuildFile section */

/* Begin PBXContainerItemProxy section */
		6B6200B327B4480B5C103864 /* PBXContainerItemProxy */ = {
			isa = PBXContainerItemProxy;
			containerPortal = 696D738F39BB2D5B3FE5144C /* lopack.xcodeproj */;
			proxyType = 2;
			remoteGlobalIDString = 1FDE436753536FD262F61561;
			remoteInfo = "liblopack.a";
		};
		371A4AE924B7147A6A57764B /* PBXContainerItemProxy */ = {
			isa = PBXContainerItemProxy;
			containerPortal = 696D738F39BB2D5B3FE5144C /* lopack.xcodeproj */;
			proxyType = 1;
			remoteGlobalIDString = 19B73EA41DE93C4B059E5686;
			remoteInfo = "liblopack.a";
		};
/* End PBXContainerItemProxy section */

/* Begin PBXFileReference section */
		292A1BFC40703815067C3FA7 /* TestReceiver.h */ = {isa = PBXFileReference; lastKnownFileType = sourcecode.c.h; name = "TestReceiver.h"; path = "TestReceiver.h"; sourceTree = "<group>"; };
		0C3C5888060D4557648706DB /* main.cpp */ = {isa = PBXFileReference; lastKnownFileType = sourcecode.cpp.cpp; name = "main.cpp"; path = "main.cpp"; sourceTree = "<group>"; };
		005D5EFE0A39313C02FD42D2 /* lptest */ = {isa = PBXFileReference; explicitFileType = "compiled.mach-o.executable"; includeInIndex = 0; name = "lptest"; path = "lptest"; sourceTree = BUILT_PRODUCTS_DIR; };
		696D738F39BB2D5B3FE5144C /* lopack.xcodeproj */ = {isa = PBXFileReference; lastKnownFileType = "wrapper.pb-project"; name = "lopack.xcodeproj"; path = "lopack.xcodeproj"; sourceTree = SOURCE_ROOT; };
/* End PBXFileReference section */

/* Begin PBXFrameworksBuildPhase section */
		19992B19002A5BD7280D262C /* Frameworks */ = {
			isa = PBXFrameworksBuildPhase;
			buildActionMask = 2147483647;
			files = (
				274E758B251315ED16683291 /* liblopack.a in Frameworks */,
			);
			runOnlyForDeploymentPostprocessing = 0;
		};
/* End PBXFrameworksBuildPhase section */

/* Begin PBXGroup section */
		4DBE280521E54F0365B20FE7 /* lptest */ = {
			isa = PBXGroup;
			children = (
				22AE54F12888141F3AB5660A /* src */,
				059B10655C7050FD16485F7C /* Products */,
				5B5010E3384F7EAD35231A69 /* Projects */,
			);
			name = "lptest";
			sourceTree = "<group>";
		};
		22AE54F12888141F3AB5660A /* src */ = {
			isa = PBXGroup;
			children = (
				3E3C578F0BA12499745070A2 /* lptest */,
			);
			name = "src";
			path = ../src;
			sourceTree = "<group>";
		};
		3E3C578F0BA12499745070A2 /* lptest */ = {
			isa = PBXGroup;
			children = (
				292A1BFC40703815067C3FA7 /* TestReceiver.h */,
				0C3C5888060D4557648706DB /* main.cpp */,
			);
			name = "lptest";
			path = lptest;
			sourceTree = "<group>";
		};
		059B10655C7050FD16485F7C /* Products */ = {
			isa = PBXGroup;
			children = (
				005D5EFE0A39313C02FD42D2 /* lptest */,
			);
			name = "Products";
			sourceTree = "<group>";
		};
		5B5010E3384F7EAD35231A69 /* Projects */ = {
			isa = PBXGroup;
			children = (
				696D738F39BB2D5B3FE5144C /* lopack.xcodeproj */,
			);
			name = "Projects";
			sourceTree = "<group>";
		};
		6858226A101E4093174C3C5E /* Products */ = {
			isa = PBXGroup;
			children = (
				425710BD231D678309EB250B /* liblopack.a */,
			);
			name = Products;
			sourceTree = "<group>";
		};
/* End PBXGroup section */

/* Begin PBXNativeTarget section */
		79136FE60DA83D777A394894 /* lptest */ = {
			isa = PBXNativeTarget;
			buildConfigurationList = 6B6F6F094F0977184D904016 /* Build configuration list for PBXNativeTarget "lptest" */;
			buildPhases = (
				678E1C8220DC4FF908315CD2 /* Resources */,
				7CFC31A3563F75CE3CD35A15 /* Sources */,
				19992B19002A5BD7280D262C /* Frameworks */,
			);
			buildRules = (
			);
			dependencies = (
				52F10AD1523C7E8243AF2E1C /* PBXTargetDependency */,
			);
			name = "lptest";
			productInstallPath = "$(HOME)/bin";
			productName = "lptest";
			productReference = 005D5EFE0A39313C02FD42D2 /* lptest */;
			productType = "com.apple.product-type.tool";
		};
/* End PBXNativeTarget section */

/* Begin PBXProject section */
		08FB7793FE84155DC02AAC07 /* Project object */ = {
			isa = PBXProject;
			buildConfigurationList = 1DEB928908733DD80010E9CD /* Build configuration list for PBXProject "lptest" */;
			compatibilityVersion = "Xcode 3.1";
			hasScannedForEncodings = 1;
			mainGroup = 4DBE280521E54F0365B20FE7 /* lptest */;
			projectDirPath = "";
			projectReferences = (
				{
					ProductGroup = 6858226A101E4093174C3C5E /* Products */;
					ProjectRef = 696D738F39BB2D5B3FE5144C /* lopack.xcodeproj */;
				},
			);
			projectRoot = "";
			targets = (
				79136FE60DA83D777A394894 /* lptest */,
			);
		};
/* End PBXProject section */

/* Begin PBXReferenceProxy section */
		425710BD231D678309EB250B /* liblopack.a */ = {
			isa = PBXReferenceProxy;
			fileType = archive.ar;
			path = "../src/lopack/liblopack.a";
			remoteRef = 6B6200B327B4480B5C103864 /* PBXContainerItemProxy */;
			sourceTree = BUILT_PRODUCTS_DIR;
		};
/* End PBXReferenceProxy section */

/* Begin PBXResourcesBuildPhase section */
		678E1C8220DC4FF908315CD2 /* Resources */ = {
			isa = PBXResourcesBuildPhase;
			buildActionMask = 2147483647;
			files = (
			);
			runOnlyForDeploymentPostprocessing = 0;
		};
/* End PBXResourcesBuildPhase section */

/* Begin PBXSourcesBuildPhase section */
		7CFC31A3563F75CE3CD35A15 /* Sources */ = {
			isa = PBXSourcesBuildPhase;
			buildActionMask = 2147483647;
			files = (
				2A2038EE421E6C4327E76DA9 /* main.cpp in Sources */,
			);
			runOnlyForDeploymentPostprocessing = 0;
		};
/* End PBXSourcesBuildPhase section */

/* Begin PBXVariantGroup section */
/* End PBXVariantGroup section */

/* Begin PBXTargetDependency section */
		52F10AD1523C7E8243AF2E1C /* PBXTargetDependency */ = {
			isa = PBXTargetDependency;
			name = "liblopack.a";
			targetProxy = 371A4AE924B7147A6A57764B /* PBXContainerItemProxy */;
		};
/* End PBXTargetDependency section */

/* Begin XCBuildConfiguration section */
		4B2E5F8A6773474727B6212C /* Debug */ = {
			isa = XCBuildConfiguration;
			buildSettings = {
				ALWAYS_SEARCH_USER_PATHS = NO;
				CONFIGURATION_BUILD_DIR = ../src/lptest;
				GCC_DYNAMIC_NO_PIC = NO;
				GCC_MODEL_TUNING = G5;
				INSTALL_PATH = /usr/local/bin;
				PRODUCT_NAME = "lptest";
			};
			name = "Debug";
		};
		0D3F4D661AD552ED51796730 /* Release */ = {
			isa = XCBuildConfiguration;
			buildSettings = {
				ALWAYS_SEARCH_USER_PATHS = NO;
				DEBUG_INFORMATION_FORMAT = "dwarf-with-dsym";
				CONFIGURATION_BUILD_DIR = ../src/lptest;
				GCC_DYNAMIC_NO_PIC = NO;
				GCC_MODEL_TUNING = G5;
				INSTALL_PATH = /usr/local/bin;
				PRODUCT_NAME = "lptest";
			};
			name = "Release";
		};
		6247336A7EE635A626FD621D /* Debug */ = {
			isa = XCBuildConfiguration;
			buildSettings = {
				ARCHS = "$(NATIVE_ARCH_ACTUAL)";
				CONFIGURATION_BUILD_DIR = "$(SYMROOT)";
				CONFIGURATION_TEMP_DIR = "$(OBJROOT)";
				COPY_PHASE_STRIP = NO;
				GCC_C_LANGUAGE_STANDARD = gnu99;
				GCC_ENABLE_FIX_AND_CONTINUE = YES;
				GCC_OPTIMIZATION_LEVEL = 0;
				GCC_PREPROCESSOR_DEFINITIONS = (
					"DEBUG",
				);
				GCC_WARN_ABOUT_RETURN_TYPE = YES;
				GCC_WARN_UNUSED_VARIABLE = YES;
				HEADER_SEARCH_PATHS = (
					"../src",
					"/usr/local/include",
					"/opt/local/include",
				);
				LIBRARY_SEARCH_PATHS = (
					"/usr/local/lib",
					"/opt/local/lib",
				);
				OBJROOT = "obj/Debug/lptest";
				ONLY_ACTIVE_ARCH = NO;
				OTHER_LDFLAGS = (
					"-llo",
					"-lpthread",
				);
				PREBINDING = NO;
				SYMROOT = "../src/lptest";
			};
			name = "Debug";
		};
		38D6729B48191280170E3EDE /* Release */ = {
			isa = XCBuildConfiguration;
			buildSettings = {
				ARCHS = "$(NATIVE_ARCH_ACTUAL)";
				CONFIGURATION_BUILD_DIR = "$(SYMROOT)";
				CONFIGURATION_TEMP_DIR = "$(OBJROOT)";
				GCC_C_LANGUAGE_STANDARD = gnu99;
				GCC_OPTIMIZATION_LEVEL = s;
				GCC_PREPROCESSOR_DEFINITIONS = (
					"NDEBUG",
				);
				GCC_WARN_ABOUT_RETURN_TYPE = YES;
				GCC_WARN_UNUSED_VARIABLE = YES;
				HEADER_SEARCH_PATHS = (
					"../src",
					"/usr/local/include",
					"/opt/local/include",
				);
				LIBRARY_SEARCH_PATHS = (
					"/usr/local/lib",
					"/opt/local/lib",
				);
				OBJROOT = "obj/Release/lptest";
				ONLY_ACTIVE_ARCH = NO;
				OTHER_LDFLAGS = (
					"-llo",
					"-lpthread",
				);
				PREBINDING = NO;
				SYMROOT = "../src/lptest";
			};
			name = "Release";
		};
/* End XCBuildConfiguration section */

/* Begin XCConfigurationList section */
		6B6F6F094F0977184D904016 /* Build configuration list for PBXNativeTarget "lptest" */ = {
			isa = XCConfigurationList;
			buildConfigurations = (
				4B2E5F8A6773474727B6212C /* Debug */,
				0D3F4D661AD552ED51796730 /* Release */,
			);
			defaultConfigurationIsVisible = 0;
			defaultConfigurationName = "Debug";
		};
		1DEB928908733DD80010E9CD /* Build configuration list for PBXProject "lptest" */ = {
			isa = XCConfigurationList;
			buildConfigurations = (
				6247336A7EE635A626FD621D /* Debug */,
				38D6729B48191280170E3EDE /* Release */,
			);
			defaultConfigurationIsVisible = 0;
			defaultConfigurationName = "Debug";
		};
/* End XCConfigurationList section */

	};
	rootObject = 08FB7793FE84155DC02AAC07 /* Project object */;
}
