// !$*UTF8*$!
{
	archiveVersion = 1;
	classes = {
	};
	objectVersion = 45;
	objects = {

/* Begin PBXBuildFile section */
		1F1727BB1AF0001272805169 /* Main.cpp in Sources */ = {isa = PBXBuildFile; fileRef = 73BC60AD1511001272805169 /* Main.cpp */; };
		396C08343196001272805169 /* liboscframework.a in Frameworks */ = {isa = PBXBuildFile; fileRef = 5FA63C8341D5001272805169 /* liboscframework.a */; };
/* End PBXBuildFile section */

/* Begin PBXContainerItemProxy section */
		67051DF60BF0001272805169 /* PBXContainerItemProxy */ = {
			isa = PBXContainerItemProxy;
			containerPortal = 22EA47F414BA001272805169 /* oscframework.xcodeproj */;
			proxyType = 1;
			remoteGlobalIDString = 565C53761447001272805169;
			remoteInfo = liboscframework.a;
		};
		6F2027C04547001272805169 /* PBXContainerItemProxy */ = {
			isa = PBXContainerItemProxy;
			containerPortal = 22EA47F414BA001272805169 /* oscframework.xcodeproj */;
			proxyType = 2;
			remoteGlobalIDString = 38BC556E6828001272805169;
			remoteInfo = liboscframework.a;
		};
/* End PBXContainerItemProxy section */

/* Begin PBXFileReference section */
		22EA47F414BA001272805169 /* oscframework.xcodeproj */ = {isa = PBXFileReference; lastKnownFileType = "wrapper.pb-project"; path = oscframework.xcodeproj; sourceTree = SOURCE_ROOT; };
		5880574250E4001272805169 /* oftests */ = {isa = PBXFileReference; explicitFileType = "compiled.mach-o.executable"; includeInIndex = 0; path = oftests; sourceTree = BUILT_PRODUCTS_DIR; };
		73BC60AD1511001272805169 /* Main.cpp */ = {isa = PBXFileReference; lastKnownFileType = sourcecode.cpp.cpp; path = Main.cpp; sourceTree = "<group>"; };
/* End PBXFileReference section */

/* Begin PBXFrameworksBuildPhase section */
		49604C894481001272805169 /* Frameworks */ = {
			isa = PBXFrameworksBuildPhase;
			buildActionMask = 2147483647;
			files = (
				396C08343196001272805169 /* liboscframework.a in Frameworks */,
			);
			runOnlyForDeploymentPostprocessing = 0;
		};
/* End PBXFrameworksBuildPhase section */

/* Begin PBXGroup section */
		006A589B4056001272805169 /* Products */ = {
			isa = PBXGroup;
			children = (
				5FA63C8341D5001272805169 /* liboscframework.a */,
			);
			name = Products;
			sourceTree = "<group>";
		};
		015E6E6B6DBD001272805169 /* oftests */ = {
			isa = PBXGroup;
			children = (
				536335DB6602001272805169 /* src */,
				121E12B80F8E001272805169 /* Products */,
				6819780E0D33001272805169 /* Projects */,
			);
			name = oftests;
			sourceTree = "<group>";
		};
		121E12B80F8E001272805169 /* Products */ = {
			isa = PBXGroup;
			children = (
				5880574250E4001272805169 /* oftests */,
			);
			name = Products;
			sourceTree = "<group>";
		};
		3C7D51277EDB001272805169 /* tests */ = {
			isa = PBXGroup;
			children = (
				73BC60AD1511001272805169 /* Main.cpp */,
			);
			path = tests;
			sourceTree = "<group>";
		};
		536335DB6602001272805169 /* src */ = {
			isa = PBXGroup;
			children = (
				3C7D51277EDB001272805169 /* tests */,
			);
			name = src;
			path = ../src;
			sourceTree = "<group>";
		};
		6819780E0D33001272805169 /* Projects */ = {
			isa = PBXGroup;
			children = (
				22EA47F414BA001272805169 /* oscframework.xcodeproj */,
			);
			name = Projects;
			sourceTree = "<group>";
		};
/* End PBXGroup section */

/* Begin PBXNativeTarget section */
		30C646921D9B001272805169 /* oftests */ = {
			isa = PBXNativeTarget;
			buildConfigurationList = 724311537FEC001272805169 /* Build configuration list for PBXNativeTarget "oftests" */;
			buildPhases = (
				60B747AB2F30001272805169 /* Resources */,
				1ECC07FE4F89001272805169 /* Sources */,
				49604C894481001272805169 /* Frameworks */,
			);
			buildRules = (
			);
			dependencies = (
				69496A404CFB001272805169 /* PBXTargetDependency */,
			);
			name = oftests;
			productInstallPath = "$(HOME)/bin";
			productName = oftests;
			productReference = 5880574250E4001272805169 /* oftests */;
			productType = "com.apple.product-type.tool";
		};
/* End PBXNativeTarget section */

/* Begin PBXProject section */
		08FB7793FE84155DC02AAC07 /* Project object */ = {
			isa = PBXProject;
			buildConfigurationList = 1DEB928908733DD80010E9CD /* Build configuration list for PBXProject "oftests" */;
			compatibilityVersion = "Xcode 3.1";
			hasScannedForEncodings = 1;
			mainGroup = 015E6E6B6DBD001272805169 /* oftests */;
			projectDirPath = "";
			projectReferences = (
				{
					ProductGroup = 006A589B4056001272805169 /* Products */;
					ProjectRef = 22EA47F414BA001272805169 /* oscframework.xcodeproj */;
				},
			);
			projectRoot = "";
			targets = (
				30C646921D9B001272805169 /* oftests */,
			);
		};
/* End PBXProject section */

/* Begin PBXReferenceProxy section */
		5FA63C8341D5001272805169 /* liboscframework.a */ = {
			isa = PBXReferenceProxy;
			fileType = archive.ar;
			path = liboscframework.a;
			remoteRef = 6F2027C04547001272805169 /* PBXContainerItemProxy */;
			sourceTree = BUILT_PRODUCTS_DIR;
		};
/* End PBXReferenceProxy section */

/* Begin PBXResourcesBuildPhase section */
		60B747AB2F30001272805169 /* Resources */ = {
			isa = PBXResourcesBuildPhase;
			buildActionMask = 2147483647;
			files = (
			);
			runOnlyForDeploymentPostprocessing = 0;
		};
/* End PBXResourcesBuildPhase section */

/* Begin PBXSourcesBuildPhase section */
		1ECC07FE4F89001272805169 /* Sources */ = {
			isa = PBXSourcesBuildPhase;
			buildActionMask = 2147483647;
			files = (
				1F1727BB1AF0001272805169 /* Main.cpp in Sources */,
			);
			runOnlyForDeploymentPostprocessing = 0;
		};
/* End PBXSourcesBuildPhase section */

/* Begin PBXTargetDependency section */
		69496A404CFB001272805169 /* PBXTargetDependency */ = {
			isa = PBXTargetDependency;
			name = liboscframework.a;
			targetProxy = 67051DF60BF0001272805169 /* PBXContainerItemProxy */;
		};
/* End PBXTargetDependency section */

/* Begin XCBuildConfiguration section */
		04F12B83343B001272805169 /* Debug */ = {
			isa = XCBuildConfiguration;
			buildSettings = {
				ARCHS = "$(NATIVE_ARCH_ACTUAL)";
				CONFIGURATION_BUILD_DIR = "$(SYMROOT)";
				CONFIGURATION_TEMP_DIR = "$(OBJROOT)";
				COPY_PHASE_STRIP = NO;
				GCC_C_LANGUAGE_STANDARD = gnu99;
				GCC_ENABLE_FIX_AND_CONTINUE = YES;
				GCC_OPTIMIZATION_LEVEL = 0;
				GCC_PREPROCESSOR_DEFINITIONS = DEBUG;
				GCC_WARN_ABOUT_RETURN_TYPE = YES;
				GCC_WARN_UNUSED_VARIABLE = YES;
				HEADER_SEARCH_PATHS = (
					../src,
					../../../../../../../opt/local/include,
				);
				LIBRARY_SEARCH_PATHS = ../../../../../../../opt/local/lib;
				OBJROOT = ../obj/Debug/oftests;
				ONLY_ACTIVE_ARCH = NO;
				OTHER_LDFLAGS = (
					"-llo",
					"-lpthread",
				);
				PREBINDING = NO;
				SYMROOT = ../bin;
			};
			name = Debug;
		};
		0EE17B9D36C6001272805169 /* Release */ = {
			isa = XCBuildConfiguration;
			buildSettings = {
				ALWAYS_SEARCH_USER_PATHS = NO;
				CONFIGURATION_BUILD_DIR = ../bin;
				DEBUG_INFORMATION_FORMAT = "dwarf-with-dsym";
				GCC_DYNAMIC_NO_PIC = NO;
				GCC_MODEL_TUNING = G5;
				INSTALL_PATH = /usr/local/bin;
				PRODUCT_NAME = oftests;
			};
			name = Release;
		};
		30AA14BC44BF001272805169 /* Release */ = {
			isa = XCBuildConfiguration;
			buildSettings = {
				ARCHS = "$(NATIVE_ARCH_ACTUAL)";
				CONFIGURATION_BUILD_DIR = "$(SYMROOT)";
				CONFIGURATION_TEMP_DIR = "$(OBJROOT)";
				GCC_C_LANGUAGE_STANDARD = gnu99;
				GCC_OPTIMIZATION_LEVEL = s;
				GCC_PREPROCESSOR_DEFINITIONS = NDEBUG;
				GCC_WARN_ABOUT_RETURN_TYPE = YES;
				GCC_WARN_UNUSED_VARIABLE = YES;
				HEADER_SEARCH_PATHS = (
					../src,
					../../../../../../../opt/local/include,
				);
				LIBRARY_SEARCH_PATHS = ../../../../../../../opt/local/lib;
				OBJROOT = ../obj/Release/oftests;
				ONLY_ACTIVE_ARCH = NO;
				OTHER_LDFLAGS = (
					"-llo",
					"-lpthread",
				);
				PREBINDING = NO;
				SYMROOT = ../bin;
			};
			name = Release;
		};
		708736A72541001272805169 /* Debug */ = {
			isa = XCBuildConfiguration;
			buildSettings = {
				ALWAYS_SEARCH_USER_PATHS = NO;
				CONFIGURATION_BUILD_DIR = ../bin;
				GCC_DYNAMIC_NO_PIC = NO;
				GCC_MODEL_TUNING = G5;
				INSTALL_PATH = /usr/local/bin;
				PRODUCT_NAME = oftests;
			};
			name = Debug;
		};
/* End XCBuildConfiguration section */

/* Begin XCConfigurationList section */
		1DEB928908733DD80010E9CD /* Build configuration list for PBXProject "oftests" */ = {
			isa = XCConfigurationList;
			buildConfigurations = (
				04F12B83343B001272805169 /* Debug */,
				30AA14BC44BF001272805169 /* Release */,
			);
			defaultConfigurationIsVisible = 0;
			defaultConfigurationName = Debug;
		};
		724311537FEC001272805169 /* Build configuration list for PBXNativeTarget "oftests" */ = {
			isa = XCConfigurationList;
			buildConfigurations = (
				708736A72541001272805169 /* Debug */,
				0EE17B9D36C6001272805169 /* Release */,
			);
			defaultConfigurationIsVisible = 0;
			defaultConfigurationName = Debug;
		};
/* End XCConfigurationList section */
	};
	rootObject = 08FB7793FE84155DC02AAC07 /* Project object */;
}
