// !$*UTF8*$!
{
	archiveVersion = 1;
	classes = {
	};
	objectVersion = 45;
	objects = {

/* Begin PBXBuildFile section */
		6531122544FC2DD53A113274 /* OscObject.cpp in Sources */ = {isa = PBXBuildFile; fileRef = 2A501CF933295336219958A7 /* OscObject.cpp */; };
		1F3972B70C102399143C7C89 /* OscReceiver.cpp in Sources */ = {isa = PBXBuildFile; fileRef = 41D8719F063D25942CF04A3F /* OscReceiver.cpp */; };
		57D848D31EAF08FE0C7A43BE /* OscSender.cpp in Sources */ = {isa = PBXBuildFile; fileRef = 20FA240B744643AD23CE2F35 /* OscSender.cpp */; };
		58007CED5DEF07646CD4640C /* OscTypes.cpp in Sources */ = {isa = PBXBuildFile; fileRef = 5BCF13845D8B0B7210DE01FA /* OscTypes.cpp */; };
/* End PBXBuildFile section */

/* Begin PBXFileReference section */
		67C025881D6769A0482443DC /* Log.h */ = {isa = PBXFileReference; lastKnownFileType = sourcecode.c.h; name = "Log.h"; path = "Log.h"; sourceTree = "<group>"; };
		2A501CF933295336219958A7 /* OscObject.cpp */ = {isa = PBXFileReference; lastKnownFileType = sourcecode.cpp.cpp; name = "OscObject.cpp"; path = "OscObject.cpp"; sourceTree = "<group>"; };
		0D16362A218E7D7459C404FF /* OscObject.h */ = {isa = PBXFileReference; lastKnownFileType = sourcecode.c.h; name = "OscObject.h"; path = "OscObject.h"; sourceTree = "<group>"; };
		41D8719F063D25942CF04A3F /* OscReceiver.cpp */ = {isa = PBXFileReference; lastKnownFileType = sourcecode.cpp.cpp; name = "OscReceiver.cpp"; path = "OscReceiver.cpp"; sourceTree = "<group>"; };
		1D54004E34074A2D615A65E5 /* OscReceiver.h */ = {isa = PBXFileReference; lastKnownFileType = sourcecode.c.h; name = "OscReceiver.h"; path = "OscReceiver.h"; sourceTree = "<group>"; };
		20FA240B744643AD23CE2F35 /* OscSender.cpp */ = {isa = PBXFileReference; lastKnownFileType = sourcecode.cpp.cpp; name = "OscSender.cpp"; path = "OscSender.cpp"; sourceTree = "<group>"; };
		294857233D0B284F71FD3688 /* OscSender.h */ = {isa = PBXFileReference; lastKnownFileType = sourcecode.c.h; name = "OscSender.h"; path = "OscSender.h"; sourceTree = "<group>"; };
		5BCF13845D8B0B7210DE01FA /* OscTypes.cpp */ = {isa = PBXFileReference; lastKnownFileType = sourcecode.cpp.cpp; name = "OscTypes.cpp"; path = "OscTypes.cpp"; sourceTree = "<group>"; };
		76A42BB320945AF91FEC40B6 /* OscTypes.h */ = {isa = PBXFileReference; lastKnownFileType = sourcecode.c.h; name = "OscTypes.h"; path = "OscTypes.h"; sourceTree = "<group>"; };
		7605425852867BAE125B20BA /* lopack.h */ = {isa = PBXFileReference; lastKnownFileType = sourcecode.c.h; name = "lopack.h"; path = "lopack.h"; sourceTree = "<group>"; };
		1FDE436753536FD262F61561 /* liblopack.a */ = {isa = PBXFileReference; explicitFileType = archive.ar; includeInIndex = 0; name = "liblopack.a"; path = "liblopack.a"; sourceTree = BUILT_PRODUCTS_DIR; };
/* End PBXFileReference section */

/* Begin PBXFrameworksBuildPhase section */
		111724312FF521461BEF1523 /* Frameworks */ = {
			isa = PBXFrameworksBuildPhase;
			buildActionMask = 2147483647;
			files = (
			);
			runOnlyForDeploymentPostprocessing = 0;
		};
/* End PBXFrameworksBuildPhase section */

/* Begin PBXGroup section */
		4E0E022701FF4A7B674A5BB7 /* lopack */ = {
			isa = PBXGroup;
			children = (
				712B7B03126613D8673A2F2B /* src */,
				41FF5998193B264643A253A4 /* Products */,
			);
			name = "lopack";
			sourceTree = "<group>";
		};
		712B7B03126613D8673A2F2B /* src */ = {
			isa = PBXGroup;
			children = (
				49C342C612AE6CD20EA9052D /* lopack */,
			);
			name = "src";
			path = ../src;
			sourceTree = "<group>";
		};
		49C342C612AE6CD20EA9052D /* lopack */ = {
			isa = PBXGroup;
			children = (
				67C025881D6769A0482443DC /* Log.h */,
				2A501CF933295336219958A7 /* OscObject.cpp */,
				0D16362A218E7D7459C404FF /* OscObject.h */,
				41D8719F063D25942CF04A3F /* OscReceiver.cpp */,
				1D54004E34074A2D615A65E5 /* OscReceiver.h */,
				20FA240B744643AD23CE2F35 /* OscSender.cpp */,
				294857233D0B284F71FD3688 /* OscSender.h */,
				5BCF13845D8B0B7210DE01FA /* OscTypes.cpp */,
				76A42BB320945AF91FEC40B6 /* OscTypes.h */,
				7605425852867BAE125B20BA /* lopack.h */,
			);
			name = "lopack";
			path = lopack;
			sourceTree = "<group>";
		};
		41FF5998193B264643A253A4 /* Products */ = {
			isa = PBXGroup;
			children = (
				1FDE436753536FD262F61561 /* liblopack.a */,
			);
			name = "Products";
			sourceTree = "<group>";
		};
/* End PBXGroup section */

/* Begin PBXNativeTarget section */
		19B73EA41DE93C4B059E5686 /* lopack */ = {
			isa = PBXNativeTarget;
			buildConfigurationList = 69B92D586F366EA04C3C36DB /* Build configuration list for PBXNativeTarget "lopack" */;
			buildPhases = (
				6F0229B47D374AFF56902F11 /* Resources */,
				06F57991508240C07D4A2F93 /* Sources */,
				111724312FF521461BEF1523 /* Frameworks */,
			);
			buildRules = (
			);
			dependencies = (
			);
			name = "lopack";
			productName = "lopack";
			productReference = 1FDE436753536FD262F61561 /* liblopack.a */;
			productType = "com.apple.product-type.library.static";
		};
/* End PBXNativeTarget section */

/* Begin PBXProject section */
		08FB7793FE84155DC02AAC07 /* Project object */ = {
			isa = PBXProject;
			buildConfigurationList = 1DEB928908733DD80010E9CD /* Build configuration list for PBXProject "lopack" */;
			compatibilityVersion = "Xcode 3.1";
			hasScannedForEncodings = 1;
			mainGroup = 4E0E022701FF4A7B674A5BB7 /* lopack */;
			projectDirPath = "";
			projectRoot = "";
			targets = (
				19B73EA41DE93C4B059E5686 /* liblopack.a */,
			);
		};
/* End PBXProject section */

/* Begin PBXResourcesBuildPhase section */
		6F0229B47D374AFF56902F11 /* Resources */ = {
			isa = PBXResourcesBuildPhase;
			buildActionMask = 2147483647;
			files = (
			);
			runOnlyForDeploymentPostprocessing = 0;
		};
/* End PBXResourcesBuildPhase section */

/* Begin PBXSourcesBuildPhase section */
		06F57991508240C07D4A2F93 /* Sources */ = {
			isa = PBXSourcesBuildPhase;
			buildActionMask = 2147483647;
			files = (
				6531122544FC2DD53A113274 /* OscObject.cpp in Sources */,
				1F3972B70C102399143C7C89 /* OscReceiver.cpp in Sources */,
				57D848D31EAF08FE0C7A43BE /* OscSender.cpp in Sources */,
				58007CED5DEF07646CD4640C /* OscTypes.cpp in Sources */,
			);
			runOnlyForDeploymentPostprocessing = 0;
		};
/* End PBXSourcesBuildPhase section */

/* Begin PBXVariantGroup section */
/* End PBXVariantGroup section */

/* Begin XCBuildConfiguration section */
		06E671DE45A35EE8066C27DA /* Debug */ = {
			isa = XCBuildConfiguration;
			buildSettings = {
				ALWAYS_SEARCH_USER_PATHS = NO;
				CONFIGURATION_BUILD_DIR = ../src/lopack;
				GCC_DYNAMIC_NO_PIC = NO;
				GCC_MODEL_TUNING = G5;
				INSTALL_PATH = /usr/local/lib;
				PRODUCT_NAME = "lopack";
			};
			name = "Debug";
		};
		1ACE66D87AD4753B74D4267C /* Release */ = {
			isa = XCBuildConfiguration;
			buildSettings = {
				ALWAYS_SEARCH_USER_PATHS = NO;
				DEBUG_INFORMATION_FORMAT = "dwarf-with-dsym";
				CONFIGURATION_BUILD_DIR = ../src/lopack;
				GCC_DYNAMIC_NO_PIC = NO;
				GCC_MODEL_TUNING = G5;
				INSTALL_PATH = /usr/local/lib;
				PRODUCT_NAME = "lopack";
			};
			name = "Release";
		};
		19642CC54E3474B8168B0E8A /* Debug */ = {
			isa = XCBuildConfiguration;
			buildSettings = {
				ARCHS = "$(NATIVE_ARCH_ACTUAL)";
				CONFIGURATION_BUILD_DIR = "$(SYMROOT)";
				CONFIGURATION_TEMP_DIR = "$(OBJROOT)";
				COPY_PHASE_STRIP = NO;
				GCC_C_LANGUAGE_STANDARD = gnu99;
				GCC_ENABLE_FIX_AND_CONTINUE = YES;
				GCC_OPTIMIZATION_LEVEL = 0;
				GCC_PREPROCESSOR_DEFINITIONS = (
					"DEBUG",
				);
				GCC_WARN_ABOUT_RETURN_TYPE = YES;
				GCC_WARN_UNUSED_VARIABLE = YES;
				HEADER_SEARCH_PATHS = (
					"/usr/local/include",
					"/opt/local/include",
				);
				LIBRARY_SEARCH_PATHS = (
					"/usr/local/lib",
					"/opt/local/lib",
				);
				OBJROOT = "obj/Debug/lopack";
				ONLY_ACTIVE_ARCH = NO;
				PREBINDING = NO;
				SYMROOT = "../src/lopack";
			};
			name = "Debug";
		};
		4F892DE6057226DD28AD1B50 /* Release */ = {
			isa = XCBuildConfiguration;
			buildSettings = {
				ARCHS = "$(NATIVE_ARCH_ACTUAL)";
				CONFIGURATION_BUILD_DIR = "$(SYMROOT)";
				CONFIGURATION_TEMP_DIR = "$(OBJROOT)";
				GCC_C_LANGUAGE_STANDARD = gnu99;
				GCC_OPTIMIZATION_LEVEL = s;
				GCC_PREPROCESSOR_DEFINITIONS = (
					"NDEBUG",
				);
				GCC_WARN_ABOUT_RETURN_TYPE = YES;
				GCC_WARN_UNUSED_VARIABLE = YES;
				HEADER_SEARCH_PATHS = (
					"/usr/local/include",
					"/opt/local/include",
				);
				LIBRARY_SEARCH_PATHS = (
					"/usr/local/lib",
					"/opt/local/lib",
				);
				OBJROOT = "obj/Release/lopack";
				ONLY_ACTIVE_ARCH = NO;
				PREBINDING = NO;
				SYMROOT = "../src/lopack";
			};
			name = "Release";
		};
/* End XCBuildConfiguration section */

/* Begin XCConfigurationList section */
		69B92D586F366EA04C3C36DB /* Build configuration list for PBXNativeTarget "liblopack.a" */ = {
			isa = XCConfigurationList;
			buildConfigurations = (
				06E671DE45A35EE8066C27DA /* Debug */,
				1ACE66D87AD4753B74D4267C /* Release */,
			);
			defaultConfigurationIsVisible = 0;
			defaultConfigurationName = "Debug";
		};
		1DEB928908733DD80010E9CD /* Build configuration list for PBXProject "lopack" */ = {
			isa = XCConfigurationList;
			buildConfigurations = (
				19642CC54E3474B8168B0E8A /* Debug */,
				4F892DE6057226DD28AD1B50 /* Release */,
			);
			defaultConfigurationIsVisible = 0;
			defaultConfigurationName = "Debug";
		};
/* End XCConfigurationList section */

	};
	rootObject = 08FB7793FE84155DC02AAC07 /* Project object */;
}
