// !$*UTF8*$!
{
	archiveVersion = 1;
	classes = {
	};
	objectVersion = 45;
	objects = {

/* Begin PBXBuildFile section */
		10FD653E7AE627F9613B0F13 /* OscObject.cpp in Sources */ = {isa = PBXBuildFile; fileRef = 53A8615524A4299D40024DD7 /* OscObject.cpp */; };
		25767B9056D94B0C33100507 /* OscReceiver.cpp in Sources */ = {isa = PBXBuildFile; fileRef = 0EF91B4645C046253FB532D4 /* OscReceiver.cpp */; };
		65CD7C282CD90D9D626908FA /* OscSender.cpp in Sources */ = {isa = PBXBuildFile; fileRef = 61C20E78092D781556955F34 /* OscSender.cpp */; };
		008B5CEE400311C8726E181A /* OscTypes.cpp in Sources */ = {isa = PBXBuildFile; fileRef = 52A1529A20EC6B5B3C666F04 /* OscTypes.cpp */; };
/* End PBXBuildFile section */

/* Begin PBXFileReference section */
		138078612FCE0D2460552927 /* Log.h */ = {isa = PBXFileReference; lastKnownFileType = sourcecode.c.h; name = "Log.h"; path = "Log.h"; sourceTree = "<group>"; };
		53A8615524A4299D40024DD7 /* OscObject.cpp */ = {isa = PBXFileReference; lastKnownFileType = sourcecode.cpp.cpp; name = "OscObject.cpp"; path = "OscObject.cpp"; sourceTree = "<group>"; };
		3C9D0C6C08DA513438BC509D /* OscObject.h */ = {isa = PBXFileReference; lastKnownFileType = sourcecode.c.h; name = "OscObject.h"; path = "OscObject.h"; sourceTree = "<group>"; };
		0EF91B4645C046253FB532D4 /* OscReceiver.cpp */ = {isa = PBXFileReference; lastKnownFileType = sourcecode.cpp.cpp; name = "OscReceiver.cpp"; path = "OscReceiver.cpp"; sourceTree = "<group>"; };
		116879312EF17C891064188F /* OscReceiver.h */ = {isa = PBXFileReference; lastKnownFileType = sourcecode.c.h; name = "OscReceiver.h"; path = "OscReceiver.h"; sourceTree = "<group>"; };
		61C20E78092D781556955F34 /* OscSender.cpp */ = {isa = PBXFileReference; lastKnownFileType = sourcecode.cpp.cpp; name = "OscSender.cpp"; path = "OscSender.cpp"; sourceTree = "<group>"; };
		642F7F021A020DB8413334E5 /* OscSender.h */ = {isa = PBXFileReference; lastKnownFileType = sourcecode.c.h; name = "OscSender.h"; path = "OscSender.h"; sourceTree = "<group>"; };
		52A1529A20EC6B5B3C666F04 /* OscTypes.cpp */ = {isa = PBXFileReference; lastKnownFileType = sourcecode.cpp.cpp; name = "OscTypes.cpp"; path = "OscTypes.cpp"; sourceTree = "<group>"; };
		13A406DB2D24517C332C2666 /* OscTypes.h */ = {isa = PBXFileReference; lastKnownFileType = sourcecode.c.h; name = "OscTypes.h"; path = "OscTypes.h"; sourceTree = "<group>"; };
		00DB2E4F5EFF6F2E61A876BF /* lopack.h */ = {isa = PBXFileReference; lastKnownFileType = sourcecode.c.h; name = "lopack.h"; path = "lopack.h"; sourceTree = "<group>"; };
		35AA3825381A424B53A4757A /* liblopack.a */ = {isa = PBXFileReference; explicitFileType = archive.ar; includeInIndex = 0; name = "liblopack.a"; path = "liblopack.a"; sourceTree = BUILT_PRODUCTS_DIR; };
/* End PBXFileReference section */

/* Begin PBXFrameworksBuildPhase section */
		207904AD2C6116824FA02A4D /* Frameworks */ = {
			isa = PBXFrameworksBuildPhase;
			buildActionMask = 2147483647;
			files = (
			);
			runOnlyForDeploymentPostprocessing = 0;
		};
/* End PBXFrameworksBuildPhase section */

/* Begin PBXGroup section */
		027B6A557BE7133C614442B8 /* lopack */ = {
			isa = PBXGroup;
			children = (
				578A345F5D9B7EA67A0F0C26 /* src */,
				24231D324A5E21AE3BB2392B /* Products */,
			);
			name = "lopack";
			sourceTree = "<group>";
		};
		578A345F5D9B7EA67A0F0C26 /* src */ = {
			isa = PBXGroup;
			children = (
				51364F3061CC3A9C055A5CD4 /* lopack */,
			);
			name = "src";
			path = ../src;
			sourceTree = "<group>";
		};
		51364F3061CC3A9C055A5CD4 /* lopack */ = {
			isa = PBXGroup;
			children = (
				138078612FCE0D2460552927 /* Log.h */,
				53A8615524A4299D40024DD7 /* OscObject.cpp */,
				3C9D0C6C08DA513438BC509D /* OscObject.h */,
				0EF91B4645C046253FB532D4 /* OscReceiver.cpp */,
				116879312EF17C891064188F /* OscReceiver.h */,
				61C20E78092D781556955F34 /* OscSender.cpp */,
				642F7F021A020DB8413334E5 /* OscSender.h */,
				52A1529A20EC6B5B3C666F04 /* OscTypes.cpp */,
				13A406DB2D24517C332C2666 /* OscTypes.h */,
				00DB2E4F5EFF6F2E61A876BF /* lopack.h */,
			);
			name = "lopack";
			path = lopack;
			sourceTree = "<group>";
		};
		24231D324A5E21AE3BB2392B /* Products */ = {
			isa = PBXGroup;
			children = (
				35AA3825381A424B53A4757A /* liblopack.a */,
			);
			name = "Products";
			sourceTree = "<group>";
		};
/* End PBXGroup section */

/* Begin PBXNativeTarget section */
		57F3316B1A6646DC3D046BBE /* lopack */ = {
			isa = PBXNativeTarget;
			buildConfigurationList = 7562325655F61DA5759A74F5 /* Build configuration list for PBXNativeTarget "lopack" */;
			buildPhases = (
				3F98511016241EC122E434D1 /* Resources */,
				08A5234318C1545466271134 /* Sources */,
				207904AD2C6116824FA02A4D /* Frameworks */,
			);
			buildRules = (
			);
			dependencies = (
			);
			name = "lopack";
			productName = "lopack";
			productReference = 35AA3825381A424B53A4757A /* liblopack.a */;
			productType = "com.apple.product-type.library.static";
		};
/* End PBXNativeTarget section */

/* Begin PBXProject section */
		08FB7793FE84155DC02AAC07 /* Project object */ = {
			isa = PBXProject;
			buildConfigurationList = 1DEB928908733DD80010E9CD /* Build configuration list for PBXProject "lopack" */;
			compatibilityVersion = "Xcode 3.1";
			hasScannedForEncodings = 1;
			mainGroup = 027B6A557BE7133C614442B8 /* lopack */;
			projectDirPath = "";
			projectRoot = "";
			targets = (
				57F3316B1A6646DC3D046BBE /* liblopack.a */,
			);
		};
/* End PBXProject section */

/* Begin PBXResourcesBuildPhase section */
		3F98511016241EC122E434D1 /* Resources */ = {
			isa = PBXResourcesBuildPhase;
			buildActionMask = 2147483647;
			files = (
			);
			runOnlyForDeploymentPostprocessing = 0;
		};
/* End PBXResourcesBuildPhase section */

/* Begin PBXSourcesBuildPhase section */
		08A5234318C1545466271134 /* Sources */ = {
			isa = PBXSourcesBuildPhase;
			buildActionMask = 2147483647;
			files = (
				10FD653E7AE627F9613B0F13 /* OscObject.cpp in Sources */,
				25767B9056D94B0C33100507 /* OscReceiver.cpp in Sources */,
				65CD7C282CD90D9D626908FA /* OscSender.cpp in Sources */,
				008B5CEE400311C8726E181A /* OscTypes.cpp in Sources */,
			);
			runOnlyForDeploymentPostprocessing = 0;
		};
/* End PBXSourcesBuildPhase section */

/* Begin PBXVariantGroup section */
/* End PBXVariantGroup section */

/* Begin XCBuildConfiguration section */
		45785E6A150457317CFF54ED /* Debug */ = {
			isa = XCBuildConfiguration;
			buildSettings = {
				ALWAYS_SEARCH_USER_PATHS = NO;
				CONFIGURATION_BUILD_DIR = ../src/lopack;
				GCC_DYNAMIC_NO_PIC = NO;
				GCC_MODEL_TUNING = G5;
				INSTALL_PATH = /usr/local/lib;
				PRODUCT_NAME = "lopack";
			};
			name = "Debug";
		};
		22B92D1A28FE606E78276D08 /* Release */ = {
			isa = XCBuildConfiguration;
			buildSettings = {
				ALWAYS_SEARCH_USER_PATHS = NO;
				DEBUG_INFORMATION_FORMAT = "dwarf-with-dsym";
				CONFIGURATION_BUILD_DIR = ../src/lopack;
				GCC_DYNAMIC_NO_PIC = NO;
				GCC_MODEL_TUNING = G5;
				INSTALL_PATH = /usr/local/lib;
				PRODUCT_NAME = "lopack";
			};
			name = "Release";
		};
		19D26A877E781D872A0947F3 /* Debug */ = {
			isa = XCBuildConfiguration;
			buildSettings = {
				ARCHS = "$(NATIVE_ARCH_ACTUAL)";
				CONFIGURATION_BUILD_DIR = "$(SYMROOT)";
				CONFIGURATION_TEMP_DIR = "$(OBJROOT)";
				COPY_PHASE_STRIP = NO;
				GCC_C_LANGUAGE_STANDARD = gnu99;
				GCC_ENABLE_FIX_AND_CONTINUE = YES;
				GCC_OPTIMIZATION_LEVEL = 0;
				GCC_PREPROCESSOR_DEFINITIONS = (
					"DEBUG",
				);
				GCC_WARN_ABOUT_RETURN_TYPE = YES;
				GCC_WARN_UNUSED_VARIABLE = YES;
				HEADER_SEARCH_PATHS = (
					"/usr/local/include",
					"/opt/local/include",
				);
				LIBRARY_SEARCH_PATHS = (
					"/usr/local/lib",
					"/opt/local/lib",
				);
				OBJROOT = "obj/Debug/lopack";
				ONLY_ACTIVE_ARCH = NO;
				PREBINDING = NO;
				SYMROOT = "../src/lopack";
			};
			name = "Debug";
		};
		48D20690154F126608CA3591 /* Release */ = {
			isa = XCBuildConfiguration;
			buildSettings = {
				ARCHS = "$(NATIVE_ARCH_ACTUAL)";
				CONFIGURATION_BUILD_DIR = "$(SYMROOT)";
				CONFIGURATION_TEMP_DIR = "$(OBJROOT)";
				GCC_C_LANGUAGE_STANDARD = gnu99;
				GCC_OPTIMIZATION_LEVEL = s;
				GCC_PREPROCESSOR_DEFINITIONS = (
					"NDEBUG",
				);
				GCC_WARN_ABOUT_RETURN_TYPE = YES;
				GCC_WARN_UNUSED_VARIABLE = YES;
				HEADER_SEARCH_PATHS = (
					"/usr/local/include",
					"/opt/local/include",
				);
				LIBRARY_SEARCH_PATHS = (
					"/usr/local/lib",
					"/opt/local/lib",
				);
				OBJROOT = "obj/Release/lopack";
				ONLY_ACTIVE_ARCH = NO;
				PREBINDING = NO;
				SYMROOT = "../src/lopack";
			};
			name = "Release";
		};
/* End XCBuildConfiguration section */

/* Begin XCConfigurationList section */
		7562325655F61DA5759A74F5 /* Build configuration list for PBXNativeTarget "liblopack.a" */ = {
			isa = XCConfigurationList;
			buildConfigurations = (
				45785E6A150457317CFF54ED /* Debug */,
				22B92D1A28FE606E78276D08 /* Release */,
			);
			defaultConfigurationIsVisible = 0;
			defaultConfigurationName = "Debug";
		};
		1DEB928908733DD80010E9CD /* Build configuration list for PBXProject "lopack" */ = {
			isa = XCConfigurationList;
			buildConfigurations = (
				19D26A877E781D872A0947F3 /* Debug */,
				48D20690154F126608CA3591 /* Release */,
			);
			defaultConfigurationIsVisible = 0;
			defaultConfigurationName = "Debug";
		};
/* End XCConfigurationList section */

	};
	rootObject = 08FB7793FE84155DC02AAC07 /* Project object */;
}
