// !$*UTF8*$!
{
	archiveVersion = 1;
	classes = {
	};
	objectVersion = 45;
	objects = {

/* Begin PBXBuildFile section */
		44F56E9252AA001272805169 /* OscObject.cpp in Sources */ = {isa = PBXBuildFile; fileRef = 448044A20C42001272805169 /* OscObject.cpp */; };
		4BD51092017F001272805169 /* OscSender.cpp in Sources */ = {isa = PBXBuildFile; fileRef = 09E7279004CB001272805169 /* OscSender.cpp */; };
		523D56AE7AB8001272805169 /* OscTypes.cpp in Sources */ = {isa = PBXBuildFile; fileRef = 11D433CA50FD001272805169 /* OscTypes.cpp */; };
		725C1F092A72001272805169 /* OscReceiver.cpp in Sources */ = {isa = PBXBuildFile; fileRef = 2AEA762D256A001272805169 /* OscReceiver.cpp */; };
/* End PBXBuildFile section */

/* Begin PBXFileReference section */
		09D119B67DC1001272805169 /* oscframework.h */ = {isa = PBXFileReference; lastKnownFileType = sourcecode.c.h; path = oscframework.h; sourceTree = "<group>"; };
		09E7279004CB001272805169 /* OscSender.cpp */ = {isa = PBXFileReference; lastKnownFileType = sourcecode.cpp.cpp; path = OscSender.cpp; sourceTree = "<group>"; };
		11D433CA50FD001272805169 /* OscTypes.cpp */ = {isa = PBXFileReference; lastKnownFileType = sourcecode.cpp.cpp; path = OscTypes.cpp; sourceTree = "<group>"; };
		169925EA602E001272805169 /* config.h.in */ = {isa = PBXFileReference; lastKnownFileType = text; path = config.h.in; sourceTree = "<group>"; };
		287333CF7D70001272805169 /* Log.h */ = {isa = PBXFileReference; lastKnownFileType = sourcecode.c.h; path = Log.h; sourceTree = "<group>"; };
		2AEA762D256A001272805169 /* OscReceiver.cpp */ = {isa = PBXFileReference; lastKnownFileType = sourcecode.cpp.cpp; path = OscReceiver.cpp; sourceTree = "<group>"; };
		321240F5549D001272805169 /* Exception.h */ = {isa = PBXFileReference; lastKnownFileType = sourcecode.c.h; path = Exception.h; sourceTree = "<group>"; };
		38BC556E6828001272805169 /* liboscframework.a */ = {isa = PBXFileReference; explicitFileType = archive.ar; includeInIndex = 0; path = liboscframework.a; sourceTree = BUILT_PRODUCTS_DIR; };
		3F434D052BD0001272805169 /* OscSender.h */ = {isa = PBXFileReference; lastKnownFileType = sourcecode.c.h; path = OscSender.h; sourceTree = "<group>"; };
		43E30F4126A5001272805169 /* OscObject.h */ = {isa = PBXFileReference; lastKnownFileType = sourcecode.c.h; path = OscObject.h; sourceTree = "<group>"; };
		448044A20C42001272805169 /* OscObject.cpp */ = {isa = PBXFileReference; lastKnownFileType = sourcecode.cpp.cpp; path = OscObject.cpp; sourceTree = "<group>"; };
		59D12EA97402001272805169 /* OscReceiver.h */ = {isa = PBXFileReference; lastKnownFileType = sourcecode.c.h; path = OscReceiver.h; sourceTree = "<group>"; };
		5BF014252D4A001272805169 /* OscTypes.h */ = {isa = PBXFileReference; lastKnownFileType = sourcecode.c.h; path = OscTypes.h; sourceTree = "<group>"; };
/* End PBXFileReference section */

/* Begin PBXFrameworksBuildPhase section */
		66A654E31B62001272805169 /* Frameworks */ = {
			isa = PBXFrameworksBuildPhase;
			buildActionMask = 2147483647;
			files = (
			);
			runOnlyForDeploymentPostprocessing = 0;
		};
/* End PBXFrameworksBuildPhase section */

/* Begin PBXGroup section */
		09B9673C294F001272805169 /* oscframework */ = {
			isa = PBXGroup;
			children = (
				291959AD0819001272805169 /* src */,
				225033992DC4001272805169 /* Products */,
			);
			name = oscframework;
			sourceTree = "<group>";
		};
		225033992DC4001272805169 /* Products */ = {
			isa = PBXGroup;
			children = (
				38BC556E6828001272805169 /* liboscframework.a */,
			);
			name = Products;
			sourceTree = "<group>";
		};
		291959AD0819001272805169 /* src */ = {
			isa = PBXGroup;
			children = (
				3F705B4E7A46001272805169 /* oscframework */,
			);
			name = src;
			path = ../src;
			sourceTree = "<group>";
		};
		3F705B4E7A46001272805169 /* oscframework */ = {
			isa = PBXGroup;
			children = (
				321240F5549D001272805169 /* Exception.h */,
				287333CF7D70001272805169 /* Log.h */,
				448044A20C42001272805169 /* OscObject.cpp */,
				43E30F4126A5001272805169 /* OscObject.h */,
				2AEA762D256A001272805169 /* OscReceiver.cpp */,
				59D12EA97402001272805169 /* OscReceiver.h */,
				09E7279004CB001272805169 /* OscSender.cpp */,
				3F434D052BD0001272805169 /* OscSender.h */,
				11D433CA50FD001272805169 /* OscTypes.cpp */,
				5BF014252D4A001272805169 /* OscTypes.h */,
				169925EA602E001272805169 /* config.h.in */,
				09D119B67DC1001272805169 /* oscframework.h */,
			);
			path = oscframework;
			sourceTree = "<group>";
		};
/* End PBXGroup section */

/* Begin PBXNativeTarget section */
		565C53761447001272805169 /* oscframework */ = {
			isa = PBXNativeTarget;
			buildConfigurationList = 23634A0948BC001272805169 /* Build configuration list for PBXNativeTarget "oscframework" */;
			buildPhases = (
				53C47FB90C2C001272805169 /* Resources */,
				29A927824B1D001272805169 /* Sources */,
				66A654E31B62001272805169 /* Frameworks */,
			);
			buildRules = (
			);
			dependencies = (
			);
			name = oscframework;
			productName = oscframework;
			productReference = 38BC556E6828001272805169 /* liboscframework.a */;
			productType = "com.apple.product-type.library.static";
		};
/* End PBXNativeTarget section */

/* Begin PBXProject section */
		08FB7793FE84155DC02AAC07 /* Project object */ = {
			isa = PBXProject;
			buildConfigurationList = 1DEB928908733DD80010E9CD /* Build configuration list for PBXProject "oscframework" */;
			compatibilityVersion = "Xcode 3.1";
			developmentRegion = English;
			hasScannedForEncodings = 1;
			knownRegions = (
				English,
				Japanese,
				French,
				German,
			);
			mainGroup = 09B9673C294F001272805169 /* oscframework */;
			projectDirPath = "";
			projectRoot = "";
			targets = (
				565C53761447001272805169 /* oscframework */,
			);
		};
/* End PBXProject section */

/* Begin PBXResourcesBuildPhase section */
		53C47FB90C2C001272805169 /* Resources */ = {
			isa = PBXResourcesBuildPhase;
			buildActionMask = 2147483647;
			files = (
			);
			runOnlyForDeploymentPostprocessing = 0;
		};
/* End PBXResourcesBuildPhase section */

/* Begin PBXSourcesBuildPhase section */
		29A927824B1D001272805169 /* Sources */ = {
			isa = PBXSourcesBuildPhase;
			buildActionMask = 2147483647;
			files = (
				44F56E9252AA001272805169 /* OscObject.cpp in Sources */,
				725C1F092A72001272805169 /* OscReceiver.cpp in Sources */,
				4BD51092017F001272805169 /* OscSender.cpp in Sources */,
				523D56AE7AB8001272805169 /* OscTypes.cpp in Sources */,
			);
			runOnlyForDeploymentPostprocessing = 0;
		};
/* End PBXSourcesBuildPhase section */

/* Begin XCBuildConfiguration section */
		0C741CC219C9001272805169 /* Debug */ = {
			isa = XCBuildConfiguration;
			buildSettings = {
				ARCHS = "$(NATIVE_ARCH_ACTUAL)";
				CONFIGURATION_BUILD_DIR = "$(SYMROOT)";
				CONFIGURATION_TEMP_DIR = "$(OBJROOT)";
				COPY_PHASE_STRIP = NO;
				GCC_C_LANGUAGE_STANDARD = gnu99;
				GCC_ENABLE_FIX_AND_CONTINUE = YES;
				GCC_OPTIMIZATION_LEVEL = 0;
				GCC_PREPROCESSOR_DEFINITIONS = DEBUG;
				GCC_WARN_ABOUT_RETURN_TYPE = YES;
				GCC_WARN_UNUSED_VARIABLE = YES;
				HEADER_SEARCH_PATHS = ../../../../../../../opt/local/include;
				LIBRARY_SEARCH_PATHS = ../../../../../../../opt/local/lib;
				OBJROOT = ../obj/Debug/oscframework;
				ONLY_ACTIVE_ARCH = NO;
				PREBINDING = NO;
				SYMROOT = ../lib;
			};
			name = Debug;
		};
		140235E8232F001272805169 /* Release */ = {
			isa = XCBuildConfiguration;
			buildSettings = {
				ALWAYS_SEARCH_USER_PATHS = NO;
				CONFIGURATION_BUILD_DIR = ../lib;
				DEBUG_INFORMATION_FORMAT = "dwarf-with-dsym";
				GCC_DYNAMIC_NO_PIC = NO;
				GCC_MODEL_TUNING = G5;
				INSTALL_PATH = /usr/local/lib;
				PRODUCT_NAME = oscframework;
			};
			name = Release;
		};
		1C3C39667539001272805169 /* Release */ = {
			isa = XCBuildConfiguration;
			buildSettings = {
				ARCHS = "$(NATIVE_ARCH_ACTUAL)";
				CONFIGURATION_BUILD_DIR = "$(SYMROOT)";
				CONFIGURATION_TEMP_DIR = "$(OBJROOT)";
				GCC_C_LANGUAGE_STANDARD = gnu99;
				GCC_OPTIMIZATION_LEVEL = s;
				GCC_PREPROCESSOR_DEFINITIONS = NDEBUG;
				GCC_WARN_ABOUT_RETURN_TYPE = YES;
				GCC_WARN_UNUSED_VARIABLE = YES;
				HEADER_SEARCH_PATHS = ../../../../../../../opt/local/include;
				LIBRARY_SEARCH_PATHS = ../../../../../../../opt/local/lib;
				OBJROOT = ../obj/Release/oscframework;
				ONLY_ACTIVE_ARCH = NO;
				PREBINDING = NO;
				SYMROOT = ../lib;
			};
			name = Release;
		};
		65567DC536C4001272805169 /* Debug */ = {
			isa = XCBuildConfiguration;
			buildSettings = {
				ALWAYS_SEARCH_USER_PATHS = NO;
				CONFIGURATION_BUILD_DIR = ../lib;
				GCC_DYNAMIC_NO_PIC = NO;
				GCC_MODEL_TUNING = G5;
				INSTALL_PATH = /usr/local/lib;
				PRODUCT_NAME = oscframework;
			};
			name = Debug;
		};
/* End XCBuildConfiguration section */

/* Begin XCConfigurationList section */
		1DEB928908733DD80010E9CD /* Build configuration list for PBXProject "oscframework" */ = {
			isa = XCConfigurationList;
			buildConfigurations = (
				0C741CC219C9001272805169 /* Debug */,
				1C3C39667539001272805169 /* Release */,
			);
			defaultConfigurationIsVisible = 0;
			defaultConfigurationName = Debug;
		};
		23634A0948BC001272805169 /* Build configuration list for PBXNativeTarget "oscframework" */ = {
			isa = XCConfigurationList;
			buildConfigurations = (
				65567DC536C4001272805169 /* Debug */,
				140235E8232F001272805169 /* Release */,
			);
			defaultConfigurationIsVisible = 0;
			defaultConfigurationName = Debug;
		};
/* End XCConfigurationList section */
	};
	rootObject = 08FB7793FE84155DC02AAC07 /* Project object */;
}
